
Microsoft Visual Studio Solution File, Format Version 12.00
# Visual Studio 15
VisualStudioVersion = 15.0.27703.2000
MinimumVisualStudioVersion = 10.0.40219.1
Project("{FAE04EC0-301F-11D3-BF4B-00C04F79EFBC}") = "TizenNet.SQLite.Sample.Tizen.TV", "TizenNet.SQLite.Sample\TizenNet.SQLite.Sample.Tizen.TV\TizenNet.SQLite.Sample.Tizen.TV.csproj", "{6E6A4FDB-38A2-4F7E-B235-E8E9D37B579F}"
EndProject
Project("{FAE04EC0-301F-11D3-BF4B-00C04F79EFBC}") = "TizenNet.SQLite.Sample", "TizenNet.SQLite.Sample\TizenNet.SQLite.Sample\TizenNet.SQLite.Sample.csproj", "{F9AD5D60-E111-4C23-966D-FF2487BC6493}"
EndProject
Global
	GlobalSection(SolutionConfigurationPlatforms) = preSolution
		Debug|Any CPU = Debug|Any CPU
		Release|Any CPU = Release|Any CPU
	EndGlobalSection
	GlobalSection(ProjectConfigurationPlatforms) = postSolution
		{6E6A4FDB-38A2-4F7E-B235-E8E9D37B579F}.Debug|Any CPU.ActiveCfg = Debug|Any CPU
		{6E6A4FDB-38A2-4F7E-B235-E8E9D37B579F}.Debug|Any CPU.Build.0 = Debug|Any CPU
		{6E6A4FDB-38A2-4F7E-B235-E8E9D37B579F}.Release|Any CPU.ActiveCfg = Release|Any CPU
		{6E6A4FDB-38A2-4F7E-B235-E8E9D37B579F}.Release|Any CPU.Build.0 = Release|Any CPU
		{F9AD5D60-E111-4C23-966D-FF2487BC6493}.Debug|Any CPU.ActiveCfg = Debug|Any CPU
		{F9AD5D60-E111-4C23-966D-FF2487BC6493}.Debug|Any CPU.Build.0 = Debug|Any CPU
		{F9AD5D60-E111-4C23-966D-FF2487BC6493}.Release|Any CPU.ActiveCfg = Release|Any CPU
		{F9AD5D60-E111-4C23-966D-FF2487BC6493}.Release|Any CPU.Build.0 = Release|Any CPU
	EndGlobalSection
	GlobalSection(SolutionProperties) = preSolution
		HideSolutionNode = FALSE
	EndGlobalSection
	GlobalSection(ExtensibilityGlobals) = postSolution
		SolutionGuid = {E466D371-1D35-4983-A26E-7A3439BB0867}
	EndGlobalSection
EndGlobal
